schema: '2.0'
stages:
  data_ingestion:
    cmd: python src/data/data_ingestion.py
    deps:
    - path: src/data/data_ingestion.py
      hash: md5
      md5: 6274f770fce155cac6db1a4838406fe1
      size: 3288
    params:
      params.yaml:
        data_ingestion.test_size: 0.2
    outs:
    - path: data/raw
      hash: md5
      md5: 7cf4ef212ecc6d85ea6c0dfe74349d42.dir
      size: 643495
      nfiles: 2
  data_preprocessing:
    cmd: python src/data/data_preprocessing.py
    deps:
    - path: data/raw
      hash: md5
      md5: 7cf4ef212ecc6d85ea6c0dfe74349d42.dir
      size: 643495
      nfiles: 2
    - path: src/data/data_preprocessing.py
      hash: md5
      md5: 71a921ad21ece0bb4ae999ed8a2cfa79
      size: 2472
    outs:
    - path: data/interim
      hash: md5
      md5: a6da5c8d8d0f9b27f58a5bed92e5568c.dir
      size: 396690
      nfiles: 2
  feature_engineering:
    cmd: python src/features/feature_engineering.py
    deps:
    - path: data/interim
      hash: md5
      md5: a6da5c8d8d0f9b27f58a5bed92e5568c.dir
      size: 396690
      nfiles: 2
    - path: src/features/feature_engineering.py
      hash: md5
      md5: 7f215eb0928ada9f29208bca0bc06bd3
      size: 3843
    params:
      params.yaml:
        feature_engineering.max_features: 3000
    outs:
    - path: data/processed
      hash: md5
      md5: 02f82fbf40a10389798dce641d13885d.dir
      size: 262082
      nfiles: 4
    - path: models/vectorizer.pkl
      hash: md5
      md5: d75817b70f6081d7c6d9dd3a864d0a30
      size: 109521
  model_building:
    cmd: python src/model/model_building.py
    deps:
    - path: data/processed
      hash: md5
      md5: 02f82fbf40a10389798dce641d13885d.dir
      size: 262082
      nfiles: 4
    - path: src/model/model_building.py
      hash: md5
      md5: 85998ab5b8084e2b061ec33dd00b0422
      size: 2667
    outs:
    - path: models/model.pkl
      hash: md5
      md5: 31920bea63eef6bd7f66dff55e0852be
      size: 24724
  model_evaluation:
    cmd: python src/model/model_evaluation.py
    deps:
    - path: models/model.pkl
      hash: md5
      md5: 31920bea63eef6bd7f66dff55e0852be
      size: 24724
    - path: src/model/model_evaluation.py
      hash: md5
      md5: 94e56847188ce9596c3aca964fbd02eb
      size: 5862
    outs:
    - path: reports/experiment_info.json
      hash: md5
      md5: 93152fa840b88898875311e565e9e18a
      size: 79
    - path: reports/metrics.json
      hash: md5
      md5: 1a921fc6ebccb5b778290932d132ab01
      size: 126
  model_registration:
    cmd: python src/model/model_register.py
    deps:
    - path: reports/experiment_info.json
      hash: md5
      md5: 93152fa840b88898875311e565e9e18a
      size: 79
    - path: src/model/model_register.py
      hash: md5
      md5: e0429131bbd1259e008a89c9c7de1811
      size: 3244
